
Microsoft Visual Studio Solution File, Format Version 12.00
# Visual Studio 15
VisualStudioVersion = 15.0.27130.2027
MinimumVisualStudioVersion = 10.0.40219.1
Project("{FAE04EC0-301F-11D3-BF4B-00C04F79EFBC}") = "DouCalendarService.Model", "DouCalendarService.Model\DouCalendarService.Model.csproj", "{A6A08AD2-CB69-4181-B4D6-4D26CF12D6D4}"
EndProject
Project("{FAE04EC0-301F-11D3-BF4B-00C04F79EFBC}") = "DouCalendarService.Parser", "DouCalendarService.Parser\DouCalendarService.Parser.csproj", "{CBCCE3EB-273B-48F3-90AC-48EC9F8E738F}"
EndProject
Project("{FAE04EC0-301F-11D3-BF4B-00C04F79EFBC}") = "DouCalendarService.ConsoleApp", "DouCalendarService.ConsoleApp\DouCalendarService.ConsoleApp.csproj", "{BB3FC318-5A2C-4B5C-BA92-DE4110261830}"
EndProject
Global
	GlobalSection(SolutionConfigurationPlatforms) = preSolution
		Debug|Any CPU = Debug|Any CPU
		Release|Any CPU = Release|Any CPU
	EndGlobalSection
	GlobalSection(ProjectConfigurationPlatforms) = postSolution
		{A6A08AD2-CB69-4181-B4D6-4D26CF12D6D4}.Debug|Any CPU.ActiveCfg = Debug|Any CPU
		{A6A08AD2-CB69-4181-B4D6-4D26CF12D6D4}.Debug|Any CPU.Build.0 = Debug|Any CPU
		{A6A08AD2-CB69-4181-B4D6-4D26CF12D6D4}.Release|Any CPU.ActiveCfg = Release|Any CPU
		{A6A08AD2-CB69-4181-B4D6-4D26CF12D6D4}.Release|Any CPU.Build.0 = Release|Any CPU
		{CBCCE3EB-273B-48F3-90AC-48EC9F8E738F}.Debug|Any CPU.ActiveCfg = Debug|Any CPU
		{CBCCE3EB-273B-48F3-90AC-48EC9F8E738F}.Debug|Any CPU.Build.0 = Debug|Any CPU
		{CBCCE3EB-273B-48F3-90AC-48EC9F8E738F}.Release|Any CPU.ActiveCfg = Release|Any CPU
		{CBCCE3EB-273B-48F3-90AC-48EC9F8E738F}.Release|Any CPU.Build.0 = Release|Any CPU
		{BB3FC318-5A2C-4B5C-BA92-DE4110261830}.Debug|Any CPU.ActiveCfg = Debug|Any CPU
		{BB3FC318-5A2C-4B5C-BA92-DE4110261830}.Debug|Any CPU.Build.0 = Debug|Any CPU
		{BB3FC318-5A2C-4B5C-BA92-DE4110261830}.Release|Any CPU.ActiveCfg = Release|Any CPU
		{BB3FC318-5A2C-4B5C-BA92-DE4110261830}.Release|Any CPU.Build.0 = Release|Any CPU
	EndGlobalSection
	GlobalSection(SolutionProperties) = preSolution
		HideSolutionNode = FALSE
	EndGlobalSection
	GlobalSection(ExtensibilityGlobals) = postSolution
		SolutionGuid = {29CB8C4E-D349-47BA-97E6-7EB687C285EA}
	EndGlobalSection
EndGlobal
